{
  "name": "wb-access-logs",
  "lockfileVersion": 3,
  "requires": true,
  "packages": {
    "": {
      "dependencies": {
        "fast-geoip": "^1.1.88"
      }
    },
    "node_modules/fast-geoip": {
      "version": "1.1.88",
      "resolved": "https://registry.npmjs.org/fast-geoip/-/fast-geoip-1.1.88.tgz",
      "integrity": "sha512-rGBGyHTKwNtdXmlgX1IDaf0gskqzQRXR4EWFCuD6V4YSrAzhVZCS53kvKFECQkEylXd0I8rEPV7x4xhhRA4ymw==",
      "license": "MIT"
    }
  }
}
